// !$*UTF8*$!
{
	archiveVersion = 1;
	classes = {
	};
	objectVersion = 48;
	objects = {

/* Begin PBXBuildFile section */
		32D9ED5CF41859755D7D34EA /* Pods_TravelingCat.framework in Frameworks */ = {isa = PBXBuildFile; fileRef = C9D1392E8378A93D5AB19B68 /* Pods_TravelingCat.framework */; };
		8309704D2068FB900038ADA9 /* TripDetailTableViewController.swift in Sources */ = {isa = PBXBuildFile; fileRef = 8309704C2068FB900038ADA9 /* TripDetailTableViewController.swift */; };
		830F804520888C61009DFFD3 /* Localizable.strings in Resources */ = {isa = PBXBuildFile; fileRef = 830F804720888C61009DFFD3 /* Localizable.strings */; };
		8315F407207CF6AD00EFAC83 /* NotificationCenter.framework in Frameworks */ = {isa = PBXBuildFile; fileRef = 8315F406207CF6AD00EFAC83 /* NotificationCenter.framework */; };
		8315F40A207CF6AD00EFAC83 /* TodayViewController.swift in Sources */ = {isa = PBXBuildFile; fileRef = 8315F409207CF6AD00EFAC83 /* TodayViewController.swift */; };
		8315F40D207CF6AD00EFAC83 /* MainInterface.storyboard in Resources */ = {isa = PBXBuildFile; fileRef = 8315F40B207CF6AD00EFAC83 /* MainInterface.storyboard */; };
		8315F411207CF6AD00EFAC83 /* TodayWidget.appex in Embed App Extensions */ = {isa = PBXBuildFile; fileRef = 8315F405207CF6AD00EFAC83 /* TodayWidget.appex */; settings = {ATTRIBUTES = (RemoveHeadersOnCopy, ); }; };
		8315F417207CF73600EFAC83 /* WidgetTableViewCell.swift in Sources */ = {isa = PBXBuildFile; fileRef = 8315F416207CF73600EFAC83 /* WidgetTableViewCell.swift */; };
		8315F418207CF8B300EFAC83 /* CoreDataStack.swift in Sources */ = {isa = PBXBuildFile; fileRef = 8347930F2060D52900AF8F4A /* CoreDataStack.swift */; };
		8315F419207CF8B700EFAC83 /* Trip+CoreDataClass copy.swift in Sources */ = {isa = PBXBuildFile; fileRef = 833D14F22073CA6800BA4035 /* Trip+CoreDataClass copy.swift */; };
		8315F41A207CF8B900EFAC83 /* Trip+CoreDataProperties copy.swift in Sources */ = {isa = PBXBuildFile; fileRef = 833D14F32073CA6900BA4035 /* Trip+CoreDataProperties copy.swift */; };
		8315F41D207D022000EFAC83 /* TravelingCat.xcdatamodeld in Sources */ = {isa = PBXBuildFile; fileRef = 8318BB261FD914D000DDACED /* TravelingCat.xcdatamodeld */; };
		8315F41E207D022D00EFAC83 /* Category+CoreDataClass copy.swift in Sources */ = {isa = PBXBuildFile; fileRef = 833D14F42073CA6900BA4035 /* Category+CoreDataClass copy.swift */; };
		8315F41F207D022F00EFAC83 /* Category+CoreDataProperties copy.swift in Sources */ = {isa = PBXBuildFile; fileRef = 833D14F52073CA6900BA4035 /* Category+CoreDataProperties copy.swift */; };
		8315F420207D023100EFAC83 /* ToDoList+CoreDataProperties copy.swift in Sources */ = {isa = PBXBuildFile; fileRef = 833D14F12073CA6800BA4035 /* ToDoList+CoreDataProperties copy.swift */; };
		8315F421207D023400EFAC83 /* ToDoList+CoreDataClass copy.swift in Sources */ = {isa = PBXBuildFile; fileRef = 833D14F62073CA6900BA4035 /* ToDoList+CoreDataClass copy.swift */; };
		8315F422207D02ED00EFAC83 /* Assets.xcassets in Resources */ = {isa = PBXBuildFile; fileRef = 8318BB291FD914D000DDACED /* Assets.xcassets */; };
		8318BB201FD914D000DDACED /* AppDelegate.swift in Sources */ = {isa = PBXBuildFile; fileRef = 8318BB1F1FD914D000DDACED /* AppDelegate.swift */; };
		8318BB251FD914D000DDACED /* Main.storyboard in Resources */ = {isa = PBXBuildFile; fileRef = 8318BB231FD914D000DDACED /* Main.storyboard */; };
		8318BB281FD914D000DDACED /* TravelingCat.xcdatamodeld in Sources */ = {isa = PBXBuildFile; fileRef = 8318BB261FD914D000DDACED /* TravelingCat.xcdatamodeld */; };
		8318BB2A1FD914D000DDACED /* Assets.xcassets in Resources */ = {isa = PBXBuildFile; fileRef = 8318BB291FD914D000DDACED /* Assets.xcassets */; };
		8318BB2D1FD914D000DDACED /* LaunchScreen.storyboard in Resources */ = {isa = PBXBuildFile; fileRef = 8318BB2B1FD914D000DDACED /* LaunchScreen.storyboard */; };
		8318BB371FD91EB100DDACED /* DetailViewController.swift in Sources */ = {isa = PBXBuildFile; fileRef = 8318BB361FD91EB100DDACED /* DetailViewController.swift */; };
		8318BB391FD91EC100DDACED /* MasterViewController.swift in Sources */ = {isa = PBXBuildFile; fileRef = 8318BB381FD91EC100DDACED /* MasterViewController.swift */; };
		8318BB3B1FD920AF00DDACED /* DefaultCategory.swift in Sources */ = {isa = PBXBuildFile; fileRef = 8318BB3A1FD920AF00DDACED /* DefaultCategory.swift */; };
		8318BB3D1FD920BD00DDACED /* CategoryData.swift in Sources */ = {isa = PBXBuildFile; fileRef = 8318BB3C1FD920BD00DDACED /* CategoryData.swift */; };
		8318BB411FD9225A00DDACED /* CategoryTableViewCell.swift in Sources */ = {isa = PBXBuildFile; fileRef = 8318BB401FD9225A00DDACED /* CategoryTableViewCell.swift */; };
		8318BB451FD93BDD00DDACED /* DetailTableViewCell.swift in Sources */ = {isa = PBXBuildFile; fileRef = 8318BB441FD93BDD00DDACED /* DetailTableViewCell.swift */; };
		833673CD207A218500ECC8F7 /* DatePopupViewController.swift in Sources */ = {isa = PBXBuildFile; fileRef = 833673CC207A218500ECC8F7 /* DatePopupViewController.swift */; };
		833673CF207A28D700ECC8F7 /* TimePopupViewController.swift in Sources */ = {isa = PBXBuildFile; fileRef = 833673CE207A28D700ECC8F7 /* TimePopupViewController.swift */; };
		833D14C9207245BE00BA4035 /* GoogleService-Info.plist in Resources */ = {isa = PBXBuildFile; fileRef = 833D14C8207245BE00BA4035 /* GoogleService-Info.plist */; };
		833D14F72073CA6900BA4035 /* ToDoList+CoreDataProperties copy.swift in Sources */ = {isa = PBXBuildFile; fileRef = 833D14F12073CA6800BA4035 /* ToDoList+CoreDataProperties copy.swift */; };
		833D14F82073CA6900BA4035 /* Trip+CoreDataClass copy.swift in Sources */ = {isa = PBXBuildFile; fileRef = 833D14F22073CA6800BA4035 /* Trip+CoreDataClass copy.swift */; };
		833D14F92073CA6900BA4035 /* Trip+CoreDataProperties copy.swift in Sources */ = {isa = PBXBuildFile; fileRef = 833D14F32073CA6900BA4035 /* Trip+CoreDataProperties copy.swift */; };
		833D14FA2073CA6900BA4035 /* Category+CoreDataClass copy.swift in Sources */ = {isa = PBXBuildFile; fileRef = 833D14F42073CA6900BA4035 /* Category+CoreDataClass copy.swift */; };
		833D14FB2073CA6900BA4035 /* Category+CoreDataProperties copy.swift in Sources */ = {isa = PBXBuildFile; fileRef = 833D14F52073CA6900BA4035 /* Category+CoreDataProperties copy.swift */; };
		833D14FC2073CA6900BA4035 /* ToDoList+CoreDataClass copy.swift in Sources */ = {isa = PBXBuildFile; fileRef = 833D14F62073CA6900BA4035 /* ToDoList+CoreDataClass copy.swift */; };
		834793102060D52900AF8F4A /* CoreDataStack.swift in Sources */ = {isa = PBXBuildFile; fileRef = 8347930F2060D52900AF8F4A /* CoreDataStack.swift */; };
		8367F8C1206A305D0074E607 /* TripViewController.swift in Sources */ = {isa = PBXBuildFile; fileRef = 8367F8C0206A305D0074E607 /* TripViewController.swift */; };
		8367F8C3206A30730074E607 /* TripTableViewCell.swift in Sources */ = {isa = PBXBuildFile; fileRef = 8367F8C2206A30730074E607 /* TripTableViewCell.swift */; };
		8367F8C6206A3C970074E607 /* TripDetailTableViewCell.swift in Sources */ = {isa = PBXBuildFile; fileRef = 8367F8C5206A3C970074E607 /* TripDetailTableViewCell.swift */; };
		8371DF0B207743B60029E9A6 /* PrimarySplitViewController.swift in Sources */ = {isa = PBXBuildFile; fileRef = 8371DF0A207743B60029E9A6 /* PrimarySplitViewController.swift */; };
		83750567206CBB8300A09FBA /* NewTripViewController.swift in Sources */ = {isa = PBXBuildFile; fileRef = 83750566206CBB8300A09FBA /* NewTripViewController.swift */; };
		83AAE6262080959200516C33 /* ContentViewController.swift in Sources */ = {isa = PBXBuildFile; fileRef = 83AAE6252080959200516C33 /* ContentViewController.swift */; };
		83AAE628208095C400516C33 /* PageViewController.swift in Sources */ = {isa = PBXBuildFile; fileRef = 83AAE627208095C400516C33 /* PageViewController.swift */; };
		83AAE62C208096A100516C33 /* CustomPresentAnimator.swift in Sources */ = {isa = PBXBuildFile; fileRef = 83AAE62B208096A100516C33 /* CustomPresentAnimator.swift */; };
		83E149212084F12400417F81 /* CloudKit.framework in Frameworks */ = {isa = PBXBuildFile; fileRef = 83E149202084F12400417F81 /* CloudKit.framework */; };
/* End PBXBuildFile section */

/* Begin PBXContainerItemProxy section */
		8315F40F207CF6AD00EFAC83 /* PBXContainerItemProxy */ = {
			isa = PBXContainerItemProxy;
			containerPortal = 8318BB141FD914D000DDACED /* Project object */;
			proxyType = 1;
			remoteGlobalIDString = 8315F404207CF6AD00EFAC83;
			remoteInfo = TodayWidget;
		};
/* End PBXContainerItemProxy section */

/* Begin PBXCopyFilesBuildPhase section */
		8315F415207CF6AD00EFAC83 /* Embed App Extensions */ = {
			isa = PBXCopyFilesBuildPhase;
			buildActionMask = 2147483647;
			dstPath = "";
			dstSubfolderSpec = 13;
			files = (
				8315F411207CF6AD00EFAC83 /* TodayWidget.appex in Embed App Extensions */,
			);
			name = "Embed App Extensions";
			runOnlyForDeploymentPostprocessing = 0;
		};
/* End PBXCopyFilesBuildPhase section */

/* Begin PBXFileReference section */
		57966FB6673D8530D9807EB1 /* Pods-TravelingCat.release.xcconfig */ = {isa = PBXFileReference; includeInIndex = 1; lastKnownFileType = text.xcconfig; name = "Pods-TravelingCat.release.xcconfig"; path = "Pods/Target Support Files/Pods-TravelingCat/Pods-TravelingCat.release.xcconfig"; sourceTree = "<group>"; };
		8309704C2068FB900038ADA9 /* TripDetailTableViewController.swift */ = {isa = PBXFileReference; lastKnownFileType = sourcecode.swift; path = TripDetailTableViewController.swift; sourceTree = "<group>"; };
		830F804620888C61009DFFD3 /* ru */ = {isa = PBXFileReference; lastKnownFileType = text.plist.strings; name = ru; path = ru.lproj/Localizable.strings; sourceTree = "<group>"; };
		830F804820888C67009DFFD3 /* en */ = {isa = PBXFileReference; lastKnownFileType = text.plist.strings; name = en; path = en.lproj/Localizable.strings; sourceTree = "<group>"; };
		830F80492088A3CA009DFFD3 /* pt-BR */ = {isa = PBXFileReference; lastKnownFileType = text.plist.strings; name = "pt-BR"; path = "pt-BR.lproj/Main.strings"; sourceTree = "<group>"; };
		830F804A2088A3CB009DFFD3 /* pt-BR */ = {isa = PBXFileReference; lastKnownFileType = text.plist.strings; name = "pt-BR"; path = "pt-BR.lproj/LaunchScreen.strings"; sourceTree = "<group>"; };
		830F804B2088A3CB009DFFD3 /* pt-BR */ = {isa = PBXFileReference; lastKnownFileType = text.plist.strings; name = "pt-BR"; path = "pt-BR.lproj/MainInterface.strings"; sourceTree = "<group>"; };
		830F804C2088A3CB009DFFD3 /* pt-BR */ = {isa = PBXFileReference; lastKnownFileType = text.plist.strings; name = "pt-BR"; path = "pt-BR.lproj/Localizable.strings"; sourceTree = "<group>"; };
		8315F405207CF6AD00EFAC83 /* TodayWidget.appex */ = {isa = PBXFileReference; explicitFileType = "wrapper.app-extension"; includeInIndex = 0; path = TodayWidget.appex; sourceTree = BUILT_PRODUCTS_DIR; };
		8315F406207CF6AD00EFAC83 /* NotificationCenter.framework */ = {isa = PBXFileReference; lastKnownFileType = wrapper.framework; name = NotificationCenter.framework; path = System/Library/Frameworks/NotificationCenter.framework; sourceTree = SDKROOT; };
		8315F409207CF6AD00EFAC83 /* TodayViewController.swift */ = {isa = PBXFileReference; lastKnownFileType = sourcecode.swift; path = TodayViewController.swift; sourceTree = "<group>"; };
		8315F40C207CF6AD00EFAC83 /* Base */ = {isa = PBXFileReference; lastKnownFileType = file.storyboard; name = Base; path = Base.lproj/MainInterface.storyboard; sourceTree = "<group>"; };
		8315F40E207CF6AD00EFAC83 /* Info.plist */ = {isa = PBXFileReference; lastKnownFileType = text.plist.xml; path = Info.plist; sourceTree = "<group>"; };
		8315F416207CF73600EFAC83 /* WidgetTableViewCell.swift */ = {isa = PBXFileReference; lastKnownFileType = sourcecode.swift; path = WidgetTableViewCell.swift; sourceTree = "<group>"; };
		8315F41B207CFA2B00EFAC83 /* TravelingCat.entitlements */ = {isa = PBXFileReference; lastKnownFileType = text.plist.entitlements; path = TravelingCat.entitlements; sourceTree = "<group>"; };
		8315F41C207CFB2200EFAC83 /* TodayWidget.entitlements */ = {isa = PBXFileReference; lastKnownFileType = text.plist.entitlements; path = TodayWidget.entitlements; sourceTree = "<group>"; };
		8318BB1C1FD914D000DDACED /* TravelingCat.app */ = {isa = PBXFileReference; explicitFileType = wrapper.application; includeInIndex = 0; path = TravelingCat.app; sourceTree = BUILT_PRODUCTS_DIR; };
		8318BB1F1FD914D000DDACED /* AppDelegate.swift */ = {isa = PBXFileReference; lastKnownFileType = sourcecode.swift; path = AppDelegate.swift; sourceTree = "<group>"; };
		8318BB241FD914D000DDACED /* Base */ = {isa = PBXFileReference; lastKnownFileType = file.storyboard; name = Base; path = Base.lproj/Main.storyboard; sourceTree = "<group>"; };
		8318BB271FD914D000DDACED /* TravelingCat.xcdatamodel */ = {isa = PBXFileReference; lastKnownFileType = wrapper.xcdatamodel; path = TravelingCat.xcdatamodel; sourceTree = "<group>"; };
		8318BB291FD914D000DDACED /* Assets.xcassets */ = {isa = PBXFileReference; lastKnownFileType = folder.assetcatalog; path = Assets.xcassets; sourceTree = "<group>"; };
		8318BB2C1FD914D000DDACED /* Base */ = {isa = PBXFileReference; lastKnownFileType = file.storyboard; name = Base; path = Base.lproj/LaunchScreen.storyboard; sourceTree = "<group>"; };
		8318BB2E1FD914D000DDACED /* Info.plist */ = {isa = PBXFileReference; lastKnownFileType = text.plist.xml; path = Info.plist; sourceTree = "<group>"; };
		8318BB361FD91EB100DDACED /* DetailViewController.swift */ = {isa = PBXFileReference; lastKnownFileType = sourcecode.swift; path = DetailViewController.swift; sourceTree = "<group>"; };
		8318BB381FD91EC100DDACED /* MasterViewController.swift */ = {isa = PBXFileReference; lastKnownFileType = sourcecode.swift; path = MasterViewController.swift; sourceTree = "<group>"; };
		8318BB3A1FD920AF00DDACED /* DefaultCategory.swift */ = {isa = PBXFileReference; lastKnownFileType = sourcecode.swift; path = DefaultCategory.swift; sourceTree = "<group>"; };
		8318BB3C1FD920BD00DDACED /* CategoryData.swift */ = {isa = PBXFileReference; lastKnownFileType = sourcecode.swift; path = CategoryData.swift; sourceTree = "<group>"; };
		8318BB401FD9225A00DDACED /* CategoryTableViewCell.swift */ = {isa = PBXFileReference; lastKnownFileType = sourcecode.swift; path = CategoryTableViewCell.swift; sourceTree = "<group>"; };
		8318BB441FD93BDD00DDACED /* DetailTableViewCell.swift */ = {isa = PBXFileReference; lastKnownFileType = sourcecode.swift; path = DetailTableViewCell.swift; sourceTree = "<group>"; };
		8330B3EA2088888700DD7F51 /* ru */ = {isa = PBXFileReference; lastKnownFileType = text.plist.strings; name = ru; path = ru.lproj/Main.strings; sourceTree = "<group>"; };
		8330B3EB2088888700DD7F51 /* ru */ = {isa = PBXFileReference; lastKnownFileType = text.plist.strings; name = ru; path = ru.lproj/LaunchScreen.strings; sourceTree = "<group>"; };
		8330B3EC2088888700DD7F51 /* ru */ = {isa = PBXFileReference; lastKnownFileType = text.plist.strings; name = ru; path = ru.lproj/MainInterface.strings; sourceTree = "<group>"; };
		833673CC207A218500ECC8F7 /* DatePopupViewController.swift */ = {isa = PBXFileReference; lastKnownFileType = sourcecode.swift; path = DatePopupViewController.swift; sourceTree = "<group>"; };
		833673CE207A28D700ECC8F7 /* TimePopupViewController.swift */ = {isa = PBXFileReference; lastKnownFileType = sourcecode.swift; path = TimePopupViewController.swift; sourceTree = "<group>"; };
		833D14C8207245BE00BA4035 /* GoogleService-Info.plist */ = {isa = PBXFileReference; fileEncoding = 4; lastKnownFileType = text.plist.xml; path = "GoogleService-Info.plist"; sourceTree = "<group>"; };
		833D14F12073CA6800BA4035 /* ToDoList+CoreDataProperties copy.swift */ = {isa = PBXFileReference; fileEncoding = 4; lastKnownFileType = sourcecode.swift; path = "ToDoList+CoreDataProperties copy.swift"; sourceTree = "<group>"; };
		833D14F22073CA6800BA4035 /* Trip+CoreDataClass copy.swift */ = {isa = PBXFileReference; fileEncoding = 4; lastKnownFileType = sourcecode.swift; path = "Trip+CoreDataClass copy.swift"; sourceTree = "<group>"; };
		833D14F32073CA6900BA4035 /* Trip+CoreDataProperties copy.swift */ = {isa = PBXFileReference; fileEncoding = 4; lastKnownFileType = sourcecode.swift; path = "Trip+CoreDataProperties copy.swift"; sourceTree = "<group>"; };
		833D14F42073CA6900BA4035 /* Category+CoreDataClass copy.swift */ = {isa = PBXFileReference; fileEncoding = 4; lastKnownFileType = sourcecode.swift; path = "Category+CoreDataClass copy.swift"; sourceTree = "<group>"; };
		833D14F52073CA6900BA4035 /* Category+CoreDataProperties copy.swift */ = {isa = PBXFileReference; fileEncoding = 4; lastKnownFileType = sourcecode.swift; path = "Category+CoreDataProperties copy.swift"; sourceTree = "<group>"; };
		833D14F62073CA6900BA4035 /* ToDoList+CoreDataClass copy.swift */ = {isa = PBXFileReference; fileEncoding = 4; lastKnownFileType = sourcecode.swift; path = "ToDoList+CoreDataClass copy.swift"; sourceTree = "<group>"; };
		8347930F2060D52900AF8F4A /* CoreDataStack.swift */ = {isa = PBXFileReference; lastKnownFileType = sourcecode.swift; path = CoreDataStack.swift; sourceTree = "<group>"; };
		8367F8C0206A305D0074E607 /* TripViewController.swift */ = {isa = PBXFileReference; lastKnownFileType = sourcecode.swift; path = TripViewController.swift; sourceTree = "<group>"; };
		8367F8C2206A30730074E607 /* TripTableViewCell.swift */ = {isa = PBXFileReference; lastKnownFileType = sourcecode.swift; path = TripTableViewCell.swift; sourceTree = "<group>"; };
		8367F8C5206A3C970074E607 /* TripDetailTableViewCell.swift */ = {isa = PBXFileReference; lastKnownFileType = sourcecode.swift; path = TripDetailTableViewCell.swift; sourceTree = "<group>"; };
		8371DF0A207743B60029E9A6 /* PrimarySplitViewController.swift */ = {isa = PBXFileReference; lastKnownFileType = sourcecode.swift; path = PrimarySplitViewController.swift; sourceTree = "<group>"; };
		83750566206CBB8300A09FBA /* NewTripViewController.swift */ = {isa = PBXFileReference; lastKnownFileType = sourcecode.swift; path = NewTripViewController.swift; sourceTree = "<group>"; };
		83AAE6252080959200516C33 /* ContentViewController.swift */ = {isa = PBXFileReference; lastKnownFileType = sourcecode.swift; path = ContentViewController.swift; sourceTree = "<group>"; };
		83AAE627208095C400516C33 /* PageViewController.swift */ = {isa = PBXFileReference; lastKnownFileType = sourcecode.swift; path = PageViewController.swift; sourceTree = "<group>"; };
		83AAE62B208096A100516C33 /* CustomPresentAnimator.swift */ = {isa = PBXFileReference; lastKnownFileType = sourcecode.swift; path = CustomPresentAnimator.swift; sourceTree = "<group>"; };
		83E149202084F12400417F81 /* CloudKit.framework */ = {isa = PBXFileReference; lastKnownFileType = wrapper.framework; name = CloudKit.framework; path = System/Library/Frameworks/CloudKit.framework; sourceTree = SDKROOT; };
		C9D1392E8378A93D5AB19B68 /* Pods_TravelingCat.framework */ = {isa = PBXFileReference; explicitFileType = wrapper.framework; includeInIndex = 0; path = Pods_TravelingCat.framework; sourceTree = BUILT_PRODUCTS_DIR; };
		D8C1B4D4CAADB7AD08C34703 /* Pods-TravelingCat.debug.xcconfig */ = {isa = PBXFileReference; includeInIndex = 1; lastKnownFileType = text.xcconfig; name = "Pods-TravelingCat.debug.xcconfig"; path = "Pods/Target Support Files/Pods-TravelingCat/Pods-TravelingCat.debug.xcconfig"; sourceTree = "<group>"; };
/* End PBXFileReference section */

/* Begin PBXFrameworksBuildPhase section */
		8315F402207CF6AD00EFAC83 /* Frameworks */ = {
			isa = PBXFrameworksBuildPhase;
			buildActionMask = 2147483647;
			files = (
				8315F407207CF6AD00EFAC83 /* NotificationCenter.framework in Frameworks */,
			);
			runOnlyForDeploymentPostprocessing = 0;
		};
		8318BB191FD914D000DDACED /* Frameworks */ = {
			isa = PBXFrameworksBuildPhase;
			buildActionMask = 2147483647;
			files = (
				32D9ED5CF41859755D7D34EA /* Pods_TravelingCat.framework in Frameworks */,
				83E149212084F12400417F81 /* CloudKit.framework in Frameworks */,
			);
			runOnlyForDeploymentPostprocessing = 0;
		};
/* End PBXFrameworksBuildPhase section */

/* Begin PBXGroup section */
		13E4A9A71CC3A71921990FE0 /* Frameworks */ = {
			isa = PBXGroup;
			children = (
				83E149202084F12400417F81 /* CloudKit.framework */,
				C9D1392E8378A93D5AB19B68 /* Pods_TravelingCat.framework */,
				8315F406207CF6AD00EFAC83 /* NotificationCenter.framework */,
			);
			name = Frameworks;
			sourceTree = "<group>";
		};
		1FBAD3863A25F255A0F8EC8A /* Pods */ = {
			isa = PBXGroup;
			children = (
				D8C1B4D4CAADB7AD08C34703 /* Pods-TravelingCat.debug.xcconfig */,
				57966FB6673D8530D9807EB1 /* Pods-TravelingCat.release.xcconfig */,
			);
			name = Pods;
			sourceTree = "<group>";
		};
		8315F408207CF6AD00EFAC83 /* TodayWidget */ = {
			isa = PBXGroup;
			children = (
				8315F41C207CFB2200EFAC83 /* TodayWidget.entitlements */,
				8315F409207CF6AD00EFAC83 /* TodayViewController.swift */,
				8315F40B207CF6AD00EFAC83 /* MainInterface.storyboard */,
				8315F416207CF73600EFAC83 /* WidgetTableViewCell.swift */,
				8315F40E207CF6AD00EFAC83 /* Info.plist */,
			);
			path = TodayWidget;
			sourceTree = "<group>";
		};
		8318BB131FD914D000DDACED = {
			isa = PBXGroup;
			children = (
				831F75471FDD1AAE00CF2953 /* CoreDataSource */,
				8318BB1E1FD914D000DDACED /* TravelingCat */,
				8315F408207CF6AD00EFAC83 /* TodayWidget */,
				8318BB1D1FD914D000DDACED /* Products */,
				1FBAD3863A25F255A0F8EC8A /* Pods */,
				13E4A9A71CC3A71921990FE0 /* Frameworks */,
			);
			sourceTree = "<group>";
		};
		8318BB1D1FD914D000DDACED /* Products */ = {
			isa = PBXGroup;
			children = (
				8318BB1C1FD914D000DDACED /* TravelingCat.app */,
				8315F405207CF6AD00EFAC83 /* TodayWidget.appex */,
			);
			name = Products;
			sourceTree = "<group>";
		};
		8318BB1E1FD914D000DDACED /* TravelingCat */ = {
			isa = PBXGroup;
			children = (
				8315F41B207CFA2B00EFAC83 /* TravelingCat.entitlements */,
				8318BB2E1FD914D000DDACED /* Info.plist */,
				833D14C72072459F00BA4035 /* SupportingFiles */,
				8367F8C4206A39C90074E607 /* Trip */,
				8367F8C7206A3CAB0074E607 /* TripDetail */,
				8318BB431FD93B5900DDACED /* Category */,
				8318BB421FD93AE100DDACED /* Data */,
				834793112060E8F900AF8F4A /* ToDo */,
			);
			path = TravelingCat;
			sourceTree = "<group>";
		};
		8318BB421FD93AE100DDACED /* Data */ = {
			isa = PBXGroup;
			children = (
				8318BB3A1FD920AF00DDACED /* DefaultCategory.swift */,
				8318BB3C1FD920BD00DDACED /* CategoryData.swift */,
			);
			path = Data;
			sourceTree = "<group>";
		};
		8318BB431FD93B5900DDACED /* Category */ = {
			isa = PBXGroup;
			children = (
				8318BB401FD9225A00DDACED /* CategoryTableViewCell.swift */,
				8318BB381FD91EC100DDACED /* MasterViewController.swift */,
			);
			path = Category;
			sourceTree = "<group>";
		};
		831F75471FDD1AAE00CF2953 /* CoreDataSource */ = {
			isa = PBXGroup;
			children = (
				833D14F22073CA6800BA4035 /* Trip+CoreDataClass copy.swift */,
				833D14F32073CA6900BA4035 /* Trip+CoreDataProperties copy.swift */,
				833D14F42073CA6900BA4035 /* Category+CoreDataClass copy.swift */,
				833D14F52073CA6900BA4035 /* Category+CoreDataProperties copy.swift */,
				833D14F12073CA6800BA4035 /* ToDoList+CoreDataProperties copy.swift */,
				833D14F62073CA6900BA4035 /* ToDoList+CoreDataClass copy.swift */,
				8347930F2060D52900AF8F4A /* CoreDataStack.swift */,
				8318BB261FD914D000DDACED /* TravelingCat.xcdatamodeld */,
			);
			path = CoreDataSource;
			sourceTree = "<group>";
		};
		833673D0207A293E00ECC8F7 /* PopupViews */ = {
			isa = PBXGroup;
			children = (
				833673CE207A28D700ECC8F7 /* TimePopupViewController.swift */,
				833673CC207A218500ECC8F7 /* DatePopupViewController.swift */,
			);
			path = PopupViews;
			sourceTree = "<group>";
		};
		833D14C72072459F00BA4035 /* SupportingFiles */ = {
			isa = PBXGroup;
			children = (
				830F804720888C61009DFFD3 /* Localizable.strings */,
				8318BB1F1FD914D000DDACED /* AppDelegate.swift */,
				8371DF0A207743B60029E9A6 /* PrimarySplitViewController.swift */,
				8318BB231FD914D000DDACED /* Main.storyboard */,
				83AAE629208095DF00516C33 /* Page */,
				83AAE62A208095F000516C33 /* CustomPresent */,
				8318BB291FD914D000DDACED /* Assets.xcassets */,
				8318BB2B1FD914D000DDACED /* LaunchScreen.storyboard */,
				833D14C8207245BE00BA4035 /* GoogleService-Info.plist */,
			);
			path = SupportingFiles;
			sourceTree = "<group>";
		};
		834793112060E8F900AF8F4A /* ToDo */ = {
			isa = PBXGroup;
			children = (
				8318BB441FD93BDD00DDACED /* DetailTableViewCell.swift */,
				8318BB361FD91EB100DDACED /* DetailViewController.swift */,
			);
			path = ToDo;
			sourceTree = "<group>";
		};
		8367F8C4206A39C90074E607 /* Trip */ = {
			isa = PBXGroup;
			children = (
				8367F8C2206A30730074E607 /* TripTableViewCell.swift */,
				8367F8C0206A305D0074E607 /* TripViewController.swift */,
				83750566206CBB8300A09FBA /* NewTripViewController.swift */,
				833673D0207A293E00ECC8F7 /* PopupViews */,
			);
			path = Trip;
			sourceTree = "<group>";
		};
		8367F8C7206A3CAB0074E607 /* TripDetail */ = {
			isa = PBXGroup;
			children = (
				8309704C2068FB900038ADA9 /* TripDetailTableViewController.swift */,
				8367F8C5206A3C970074E607 /* TripDetailTableViewCell.swift */,
			);
			path = TripDetail;
			sourceTree = "<group>";
		};
		83AAE629208095DF00516C33 /* Page */ = {
			isa = PBXGroup;
			children = (
				83AAE6252080959200516C33 /* ContentViewController.swift */,
				83AAE627208095C400516C33 /* PageViewController.swift */,
			);
			path = Page;
			sourceTree = "<group>";
		};
		83AAE62A208095F000516C33 /* CustomPresent */ = {
			isa = PBXGroup;
			children = (
				83AAE62B208096A100516C33 /* CustomPresentAnimator.swift */,
			);
			path = CustomPresent;
			sourceTree = "<group>";
		};
/* End PBXGroup section */

/* Begin PBXNativeTarget section */
		8315F404207CF6AD00EFAC83 /* TodayWidget */ = {
			isa = PBXNativeTarget;
			buildConfigurationList = 8315F414207CF6AD00EFAC83 /* Build configuration list for PBXNativeTarget "TodayWidget" */;
			buildPhases = (
				8315F401207CF6AD00EFAC83 /* Sources */,
				8315F402207CF6AD00EFAC83 /* Frameworks */,
				8315F403207CF6AD00EFAC83 /* Resources */,
			);
			buildRules = (
			);
			dependencies = (
			);
			name = TodayWidget;
			productName = TodayWidget;
			productReference = 8315F405207CF6AD00EFAC83 /* TodayWidget.appex */;
			productType = "com.apple.product-type.app-extension";
		};
		8318BB1B1FD914D000DDACED /* TravelingCat */ = {
			isa = PBXNativeTarget;
			buildConfigurationList = 8318BB311FD914D000DDACED /* Build configuration list for PBXNativeTarget "TravelingCat" */;
			buildPhases = (
				50352AAB69FA1D76B6A290BE /* [CP] Check Pods Manifest.lock */,
				8318BB181FD914D000DDACED /* Sources */,
				8318BB191FD914D000DDACED /* Frameworks */,
				8318BB1A1FD914D000DDACED /* Resources */,
				DDEFEB23145689071F753E99 /* [CP] Embed Pods Frameworks */,
				B9A6E4B29203385DA9F8D533 /* [CP] Copy Pods Resources */,
				8315F415207CF6AD00EFAC83 /* Embed App Extensions */,
			);
			buildRules = (
			);
			dependencies = (
				8315F410207CF6AD00EFAC83 /* PBXTargetDependency */,
			);
			name = TravelingCat;
			productName = TravelingCat;
			productReference = 8318BB1C1FD914D000DDACED /* TravelingCat.app */;
			productType = "com.apple.product-type.application";
		};
/* End PBXNativeTarget section */

/* Begin PBXProject section */
		8318BB141FD914D000DDACED /* Project object */ = {
			isa = PBXProject;
			attributes = {
				LastSwiftUpdateCheck = 0930;
				LastUpgradeCheck = 0920;
				ORGANIZATIONNAME = "Sirin K";
				TargetAttributes = {
					8315F404207CF6AD00EFAC83 = {
						CreatedOnToolsVersion = 9.3;
						ProvisioningStyle = Automatic;
						SystemCapabilities = {
							com.apple.ApplicationGroups.iOS = {
								enabled = 1;
							};
						};
					};
					8318BB1B1FD914D000DDACED = {
						CreatedOnToolsVersion = 9.2;
						ProvisioningStyle = Automatic;
						SystemCapabilities = {
							com.apple.ApplicationGroups.iOS = {
								enabled = 1;
							};
							com.apple.Push = {
								enabled = 0;
							};
							com.apple.iCloud = {
								enabled = 1;
							};
						};
					};
				};
			};
			buildConfigurationList = 8318BB171FD914D000DDACED /* Build configuration list for PBXProject "TravelingCat" */;
			compatibilityVersion = "Xcode 8.0";
			developmentRegion = en;
			hasScannedForEncodings = 0;
			knownRegions = (
				en,
				Base,
				"pt-BR",
			);
			mainGroup = 8318BB131FD914D000DDACED;
			productRefGroup = 8318BB1D1FD914D000DDACED /* Products */;
			projectDirPath = "";
			projectRoot = "";
			targets = (
				8318BB1B1FD914D000DDACED /* TravelingCat */,
				8315F404207CF6AD00EFAC83 /* TodayWidget */,
			);
		};
/* End PBXProject section */

/* Begin PBXResourcesBuildPhase section */
		8315F403207CF6AD00EFAC83 /* Resources */ = {
			isa = PBXResourcesBuildPhase;
			buildActionMask = 2147483647;
			files = (
				8315F422207D02ED00EFAC83 /* Assets.xcassets in Resources */,
				8315F40D207CF6AD00EFAC83 /* MainInterface.storyboard in Resources */,
			);
			runOnlyForDeploymentPostprocessing = 0;
		};
		8318BB1A1FD914D000DDACED /* Resources */ = {
			isa = PBXResourcesBuildPhase;
			buildActionMask = 2147483647;
			files = (
				830F804520888C61009DFFD3 /* Localizable.strings in Resources */,
				8318BB2D1FD914D000DDACED /* LaunchScreen.storyboard in Resources */,
				833D14C9207245BE00BA4035 /* GoogleService-Info.plist in Resources */,
				8318BB2A1FD914D000DDACED /* Assets.xcassets in Resources */,
				8318BB251FD914D000DDACED /* Main.storyboard in Resources */,
			);
			runOnlyForDeploymentPostprocessing = 0;
		};
/* End PBXResourcesBuildPhase section */

/* Begin PBXShellScriptBuildPhase section */
		50352AAB69FA1D76B6A290BE /* [CP] Check Pods Manifest.lock */ = {
			isa = PBXShellScriptBuildPhase;
			buildActionMask = 2147483647;
			files = (
			);
			inputPaths = (
				"${PODS_PODFILE_DIR_PATH}/Podfile.lock",
				"${PODS_ROOT}/Manifest.lock",
			);
			name = "[CP] Check Pods Manifest.lock";
			outputPaths = (
				"$(DERIVED_FILE_DIR)/Pods-TravelingCat-checkManifestLockResult.txt",
			);
			runOnlyForDeploymentPostprocessing = 0;
			shellPath = /bin/sh;
			shellScript = "diff \"${PODS_PODFILE_DIR_PATH}/Podfile.lock\" \"${PODS_ROOT}/Manifest.lock\" > /dev/null\nif [ $? != 0 ] ; then\n    # print error to STDERR\n    echo \"error: The sandbox is not in sync with the Podfile.lock. Run 'pod install' or update your CocoaPods installation.\" >&2\n    exit 1\nfi\n# This output is used by Xcode 'outputs' to avoid re-running this script phase.\necho \"SUCCESS\" > \"${SCRIPT_OUTPUT_FILE_0}\"\n";
			showEnvVarsInLog = 0;
		};
		B9A6E4B29203385DA9F8D533 /* [CP] Copy Pods Resources */ = {
			isa = PBXShellScriptBuildPhase;
			buildActionMask = 2147483647;
			files = (
			);
			inputPaths = (
			);
			name = "[CP] Copy Pods Resources";
			outputPaths = (
			);
			runOnlyForDeploymentPostprocessing = 0;
			shellPath = /bin/sh;
			shellScript = "\"${SRCROOT}/Pods/Target Support Files/Pods-TravelingCat/Pods-TravelingCat-resources.sh\"\n";
			showEnvVarsInLog = 0;
		};
		DDEFEB23145689071F753E99 /* [CP] Embed Pods Frameworks */ = {
			isa = PBXShellScriptBuildPhase;
			buildActionMask = 2147483647;
			files = (
			);
			inputPaths = (
				"${SRCROOT}/Pods/Target Support Files/Pods-TravelingCat/Pods-TravelingCat-frameworks.sh",
				"${BUILT_PRODUCTS_DIR}/GTMSessionFetcher/GTMSessionFetcher.framework",
				"${BUILT_PRODUCTS_DIR}/GoogleToolboxForMac/GoogleToolboxForMac.framework",
				"${BUILT_PRODUCTS_DIR}/UICircularProgressRing/UICircularProgressRing.framework",
				"${BUILT_PRODUCTS_DIR}/leveldb-library/leveldb.framework",
				"${BUILT_PRODUCTS_DIR}/nanopb/nanopb.framework",
			);
			name = "[CP] Embed Pods Frameworks";
			outputPaths = (
				"${TARGET_BUILD_DIR}/${FRAMEWORKS_FOLDER_PATH}/GTMSessionFetcher.framework",
				"${TARGET_BUILD_DIR}/${FRAMEWORKS_FOLDER_PATH}/GoogleToolboxForMac.framework",
				"${TARGET_BUILD_DIR}/${FRAMEWORKS_FOLDER_PATH}/UICircularProgressRing.framework",
				"${TARGET_BUILD_DIR}/${FRAMEWORKS_FOLDER_PATH}/leveldb.framework",
				"${TARGET_BUILD_DIR}/${FRAMEWORKS_FOLDER_PATH}/nanopb.framework",
			);
			runOnlyForDeploymentPostprocessing = 0;
			shellPath = /bin/sh;
			shellScript = "\"${SRCROOT}/Pods/Target Support Files/Pods-TravelingCat/Pods-TravelingCat-frameworks.sh\"\n";
			showEnvVarsInLog = 0;
		};
/* End PBXShellScriptBuildPhase section */

/* Begin PBXSourcesBuildPhase section */
		8315F401207CF6AD00EFAC83 /* Sources */ = {
			isa = PBXSourcesBuildPhase;
			buildActionMask = 2147483647;
			files = (
				8315F41A207CF8B900EFAC83 /* Trip+CoreDataProperties copy.swift in Sources */,
				8315F421207D023400EFAC83 /* ToDoList+CoreDataClass copy.swift in Sources */,
				8315F41D207D022000EFAC83 /* TravelingCat.xcdatamodeld in Sources */,
				8315F418207CF8B300EFAC83 /* CoreDataStack.swift in Sources */,
				8315F40A207CF6AD00EFAC83 /* TodayViewController.swift in Sources */,
				8315F419207CF8B700EFAC83 /* Trip+CoreDataClass copy.swift in Sources */,
				8315F420207D023100EFAC83 /* ToDoList+CoreDataProperties copy.swift in Sources */,
				8315F41F207D022F00EFAC83 /* Category+CoreDataProperties copy.swift in Sources */,
				8315F417207CF73600EFAC83 /* WidgetTableViewCell.swift in Sources */,
				8315F41E207D022D00EFAC83 /* Category+CoreDataClass copy.swift in Sources */,
			);
			runOnlyForDeploymentPostprocessing = 0;
		};
		8318BB181FD914D000DDACED /* Sources */ = {
			isa = PBXSourcesBuildPhase;
			buildActionMask = 2147483647;
			files = (
				8318BB391FD91EC100DDACED /* MasterViewController.swift in Sources */,
				833D14FB2073CA6900BA4035 /* Category+CoreDataProperties copy.swift in Sources */,
				8367F8C1206A305D0074E607 /* TripViewController.swift in Sources */,
				83750567206CBB8300A09FBA /* NewTripViewController.swift in Sources */,
				8318BB3D1FD920BD00DDACED /* CategoryData.swift in Sources */,
				8318BB451FD93BDD00DDACED /* DetailTableViewCell.swift in Sources */,
				833D14FC2073CA6900BA4035 /* ToDoList+CoreDataClass copy.swift in Sources */,
				833D14F82073CA6900BA4035 /* Trip+CoreDataClass copy.swift in Sources */,
				833D14F72073CA6900BA4035 /* ToDoList+CoreDataProperties copy.swift in Sources */,
				833D14F92073CA6900BA4035 /* Trip+CoreDataProperties copy.swift in Sources */,
				8318BB371FD91EB100DDACED /* DetailViewController.swift in Sources */,
				8318BB281FD914D000DDACED /* TravelingCat.xcdatamodeld in Sources */,
				8367F8C3206A30730074E607 /* TripTableViewCell.swift in Sources */,
				834793102060D52900AF8F4A /* CoreDataStack.swift in Sources */,
				833673CD207A218500ECC8F7 /* DatePopupViewController.swift in Sources */,
				833673CF207A28D700ECC8F7 /* TimePopupViewController.swift in Sources */,
				833D14FA2073CA6900BA4035 /* Category+CoreDataClass copy.swift in Sources */,
				8371DF0B207743B60029E9A6 /* PrimarySplitViewController.swift in Sources */,
				8367F8C6206A3C970074E607 /* TripDetailTableViewCell.swift in Sources */,
				83AAE628208095C400516C33 /* PageViewController.swift in Sources */,
				8318BB201FD914D000DDACED /* AppDelegate.swift in Sources */,
				8318BB3B1FD920AF00DDACED /* DefaultCategory.swift in Sources */,
				8309704D2068FB900038ADA9 /* TripDetailTableViewController.swift in Sources */,
				83AAE6262080959200516C33 /* ContentViewController.swift in Sources */,
				8318BB411FD9225A00DDACED /* CategoryTableViewCell.swift in Sources */,
				83AAE62C208096A100516C33 /* CustomPresentAnimator.swift in Sources */,
			);
			runOnlyForDeploymentPostprocessing = 0;
		};
/* End PBXSourcesBuildPhase section */

/* Begin PBXTargetDependency section */
		8315F410207CF6AD00EFAC83 /* PBXTargetDependency */ = {
			isa = PBXTargetDependency;
			target = 8315F404207CF6AD00EFAC83 /* TodayWidget */;
			targetProxy = 8315F40F207CF6AD00EFAC83 /* PBXContainerItemProxy */;
		};
/* End PBXTargetDependency section */

/* Begin PBXVariantGroup section */
		830F804720888C61009DFFD3 /* Localizable.strings */ = {
			isa = PBXVariantGroup;
			children = (
				830F804620888C61009DFFD3 /* ru */,
				830F804820888C67009DFFD3 /* en */,
				830F804C2088A3CB009DFFD3 /* pt-BR */,
			);
			name = Localizable.strings;
			sourceTree = "<group>";
		};
		8315F40B207CF6AD00EFAC83 /* MainInterface.storyboard */ = {
			isa = PBXVariantGroup;
			children = (
				8315F40C207CF6AD00EFAC83 /* Base */,
				8330B3EC2088888700DD7F51 /* ru */,
				830F804B2088A3CB009DFFD3 /* pt-BR */,
			);
			name = MainInterface.storyboard;
			sourceTree = "<group>";
		};
		8318BB231FD914D000DDACED /* Main.storyboard */ = {
			isa = PBXVariantGroup;
			children = (
				8318BB241FD914D000DDACED /* Base */,
				8330B3EA2088888700DD7F51 /* ru */,
				830F80492088A3CA009DFFD3 /* pt-BR */,
			);
			name = Main.storyboard;
			sourceTree = "<group>";
		};
		8318BB2B1FD914D000DDACED /* LaunchScreen.storyboard */ = {
			isa = PBXVariantGroup;
			children = (
				8318BB2C1FD914D000DDACED /* Base */,
				8330B3EB2088888700DD7F51 /* ru */,
				830F804A2088A3CB009DFFD3 /* pt-BR */,
			);
			name = LaunchScreen.storyboard;
			sourceTree = "<group>";
		};
/* End PBXVariantGroup section */

/* Begin XCBuildConfiguration section */
		8315F412207CF6AD00EFAC83 /* Debug */ = {
			isa = XCBuildConfiguration;
			buildSettings = {
				CLANG_ENABLE_OBJC_WEAK = YES;
				CLANG_WARN_DEPRECATED_OBJC_IMPLEMENTATIONS = YES;
				CLANG_WARN_OBJC_IMPLICIT_RETAIN_SELF = YES;
				CODE_SIGN_ENTITLEMENTS = TodayWidget/TodayWidget.entitlements;
				CODE_SIGN_STYLE = Automatic;
				DEVELOPMENT_TEAM = 5S5B6W9P2F;
				INFOPLIST_FILE = TodayWidget/Info.plist;
				IPHONEOS_DEPLOYMENT_TARGET = 10.0;
				LD_RUNPATH_SEARCH_PATHS = "$(inherited) @executable_path/Frameworks @executable_path/../../Frameworks";
				PRODUCT_BUNDLE_IDENTIFIER = com.sirin.TravelingCat.TodayWidget;
				PRODUCT_NAME = "$(TARGET_NAME)";
				SKIP_INSTALL = YES;
				SWIFT_VERSION = 4.0;
				TARGETED_DEVICE_FAMILY = "1,2";
			};
			name = Debug;
		};
		8315F413207CF6AD00EFAC83 /* Release */ = {
			isa = XCBuildConfiguration;
			buildSettings = {
				CLANG_ENABLE_OBJC_WEAK = YES;
				CLANG_WARN_DEPRECATED_OBJC_IMPLEMENTATIONS = YES;
				CLANG_WARN_OBJC_IMPLICIT_RETAIN_SELF = YES;
				CODE_SIGN_ENTITLEMENTS = TodayWidget/TodayWidget.entitlements;
				CODE_SIGN_STYLE = Automatic;
				DEVELOPMENT_TEAM = 5S5B6W9P2F;
				INFOPLIST_FILE = TodayWidget/Info.plist;
				IPHONEOS_DEPLOYMENT_TARGET = 10.0;
				LD_RUNPATH_SEARCH_PATHS = "$(inherited) @executable_path/Frameworks @executable_path/../../Frameworks";
				PRODUCT_BUNDLE_IDENTIFIER = com.sirin.TravelingCat.TodayWidget;
				PRODUCT_NAME = "$(TARGET_NAME)";
				SKIP_INSTALL = YES;
				SWIFT_VERSION = 4.0;
				TARGETED_DEVICE_FAMILY = "1,2";
			};
			name = Release;
		};
		8318BB2F1FD914D000DDACED /* Debug */ = {
			isa = XCBuildConfiguration;
			buildSettings = {
				ALWAYS_SEARCH_USER_PATHS = NO;
				CLANG_ANALYZER_LOCALIZABILITY_NONLOCALIZED = YES;
				CLANG_ANALYZER_NONNULL = YES;
				CLANG_ANALYZER_NUMBER_OBJECT_CONVERSION = YES_AGGRESSIVE;
				CLANG_CXX_LANGUAGE_STANDARD = "gnu++14";
				CLANG_CXX_LIBRARY = "libc++";
				CLANG_ENABLE_MODULES = YES;
				CLANG_ENABLE_OBJC_ARC = YES;
				CLANG_WARN_BLOCK_CAPTURE_AUTORELEASING = YES;
				CLANG_WARN_BOOL_CONVERSION = YES;
				CLANG_WARN_COMMA = YES;
				CLANG_WARN_CONSTANT_CONVERSION = YES;
				CLANG_WARN_DIRECT_OBJC_ISA_USAGE = YES_ERROR;
				CLANG_WARN_DOCUMENTATION_COMMENTS = YES;
				CLANG_WARN_EMPTY_BODY = YES;
				CLANG_WARN_ENUM_CONVERSION = YES;
				CLANG_WARN_INFINITE_RECURSION = YES;
				CLANG_WARN_INT_CONVERSION = YES;
				CLANG_WARN_NON_LITERAL_NULL_CONVERSION = YES;
				CLANG_WARN_OBJC_LITERAL_CONVERSION = YES;
				CLANG_WARN_OBJC_ROOT_CLASS = YES_ERROR;
				CLANG_WARN_RANGE_LOOP_ANALYSIS = YES;
				CLANG_WARN_STRICT_PROTOTYPES = YES;
				CLANG_WARN_SUSPICIOUS_MOVE = YES;
				CLANG_WARN_UNGUARDED_AVAILABILITY = YES_AGGRESSIVE;
				CLANG_WARN_UNREACHABLE_CODE = YES;
				CLANG_WARN__DUPLICATE_METHOD_MATCH = YES;
				CODE_SIGN_IDENTITY = "iPhone Developer";
				COPY_PHASE_STRIP = NO;
				DEBUG_INFORMATION_FORMAT = dwarf;
				ENABLE_STRICT_OBJC_MSGSEND = YES;
				ENABLE_TESTABILITY = YES;
				GCC_C_LANGUAGE_STANDARD = gnu11;
				GCC_DYNAMIC_NO_PIC = NO;
				GCC_NO_COMMON_BLOCKS = YES;
				GCC_OPTIMIZATION_LEVEL = 0;
				GCC_PREPROCESSOR_DEFINITIONS = (
					"DEBUG=1",
					"$(inherited)",
				);
				GCC_WARN_64_TO_32_BIT_CONVERSION = YES;
				GCC_WARN_ABOUT_RETURN_TYPE = YES_ERROR;
				GCC_WARN_UNDECLARED_SELECTOR = YES;
				GCC_WARN_UNINITIALIZED_AUTOS = YES_AGGRESSIVE;
				GCC_WARN_UNUSED_FUNCTION = YES;
				GCC_WARN_UNUSED_VARIABLE = YES;
				IPHONEOS_DEPLOYMENT_TARGET = 11.2;
				MTL_ENABLE_DEBUG_INFO = YES;
				ONLY_ACTIVE_ARCH = YES;
				SDKROOT = iphoneos;
				SWIFT_ACTIVE_COMPILATION_CONDITIONS = DEBUG;
				SWIFT_OPTIMIZATION_LEVEL = "-Onone";
			};
			name = Debug;
		};
		8318BB301FD914D000DDACED /* Release */ = {
			isa = XCBuildConfiguration;
			buildSettings = {
				ALWAYS_SEARCH_USER_PATHS = NO;
				CLANG_ANALYZER_LOCALIZABILITY_NONLOCALIZED = YES;
				CLANG_ANALYZER_NONNULL = YES;
				CLANG_ANALYZER_NUMBER_OBJECT_CONVERSION = YES_AGGRESSIVE;
				CLANG_CXX_LANGUAGE_STANDARD = "gnu++14";
				CLANG_CXX_LIBRARY = "libc++";
				CLANG_ENABLE_MODULES = YES;
				CLANG_ENABLE_OBJC_ARC = YES;
				CLANG_WARN_BLOCK_CAPTURE_AUTORELEASING = YES;
				CLANG_WARN_BOOL_CONVERSION = YES;
				CLANG_WARN_COMMA = YES;
				CLANG_WARN_CONSTANT_CONVERSION = YES;
				CLANG_WARN_DIRECT_OBJC_ISA_USAGE = YES_ERROR;
				CLANG_WARN_DOCUMENTATION_COMMENTS = YES;
				CLANG_WARN_EMPTY_BODY = YES;
				CLANG_WARN_ENUM_CONVERSION = YES;
				CLANG_WARN_INFINITE_RECURSION = YES;
				CLANG_WARN_INT_CONVERSION = YES;
				CLANG_WARN_NON_LITERAL_NULL_CONVERSION = YES;
				CLANG_WARN_OBJC_LITERAL_CONVERSION = YES;
				CLANG_WARN_OBJC_ROOT_CLASS = YES_ERROR;
				CLANG_WARN_RANGE_LOOP_ANALYSIS = YES;
				CLANG_WARN_STRICT_PROTOTYPES = YES;
				CLANG_WARN_SUSPICIOUS_MOVE = YES;
				CLANG_WARN_UNGUARDED_AVAILABILITY = YES_AGGRESSIVE;
				CLANG_WARN_UNREACHABLE_CODE = YES;
				CLANG_WARN__DUPLICATE_METHOD_MATCH = YES;
				CODE_SIGN_IDENTITY = "iPhone Developer";
				COPY_PHASE_STRIP = NO;
				DEBUG_INFORMATION_FORMAT = "dwarf-with-dsym";
				ENABLE_NS_ASSERTIONS = NO;
				ENABLE_STRICT_OBJC_MSGSEND = YES;
				GCC_C_LANGUAGE_STANDARD = gnu11;
				GCC_NO_COMMON_BLOCKS = YES;
				GCC_WARN_64_TO_32_BIT_CONVERSION = YES;
				GCC_WARN_ABOUT_RETURN_TYPE = YES_ERROR;
				GCC_WARN_UNDECLARED_SELECTOR = YES;
				GCC_WARN_UNINITIALIZED_AUTOS = YES_AGGRESSIVE;
				GCC_WARN_UNUSED_FUNCTION = YES;
				GCC_WARN_UNUSED_VARIABLE = YES;
				IPHONEOS_DEPLOYMENT_TARGET = 11.2;
				MTL_ENABLE_DEBUG_INFO = NO;
				SDKROOT = iphoneos;
				SWIFT_OPTIMIZATION_LEVEL = "-Owholemodule";
				VALIDATE_PRODUCT = YES;
			};
			name = Release;
		};
		8318BB321FD914D000DDACED /* Debug */ = {
			isa = XCBuildConfiguration;
			baseConfigurationReference = D8C1B4D4CAADB7AD08C34703 /* Pods-TravelingCat.debug.xcconfig */;
			buildSettings = {
				ALWAYS_EMBED_SWIFT_STANDARD_LIBRARIES = YES;
				ASSETCATALOG_COMPILER_APPICON_NAME = AppIcon;
				CODE_SIGN_ENTITLEMENTS = TravelingCat/TravelingCat.entitlements;
				CODE_SIGN_STYLE = Automatic;
				DEVELOPMENT_TEAM = 5S5B6W9P2F;
				INFOPLIST_FILE = TravelingCat/Info.plist;
				LD_RUNPATH_SEARCH_PATHS = "$(inherited) @executable_path/Frameworks";
				PRODUCT_BUNDLE_IDENTIFIER = com.sirin.TravelingCat;
				PRODUCT_NAME = "$(TARGET_NAME)";
				SWIFT_VERSION = 4.0;
				TARGETED_DEVICE_FAMILY = "1,2";
			};
			name = Debug;
		};
		8318BB331FD914D000DDACED /* Release */ = {
			isa = XCBuildConfiguration;
			baseConfigurationReference = 57966FB6673D8530D9807EB1 /* Pods-TravelingCat.release.xcconfig */;
			buildSettings = {
				ALWAYS_EMBED_SWIFT_STANDARD_LIBRARIES = YES;
				ASSETCATALOG_COMPILER_APPICON_NAME = AppIcon;
				CODE_SIGN_ENTITLEMENTS = TravelingCat/TravelingCat.entitlements;
				CODE_SIGN_STYLE = Automatic;
				DEVELOPMENT_TEAM = 5S5B6W9P2F;
				INFOPLIST_FILE = TravelingCat/Info.plist;
				LD_RUNPATH_SEARCH_PATHS = "$(inherited) @executable_path/Frameworks";
				PRODUCT_BUNDLE_IDENTIFIER = com.sirin.TravelingCat;
				PRODUCT_NAME = "$(TARGET_NAME)";
				SWIFT_VERSION = 4.0;
				TARGETED_DEVICE_FAMILY = "1,2";
			};
			name = Release;
		};
/* End XCBuildConfiguration section */

/* Begin XCConfigurationList section */
		8315F414207CF6AD00EFAC83 /* Build configuration list for PBXNativeTarget "TodayWidget" */ = {
			isa = XCConfigurationList;
			buildConfigurations = (
				8315F412207CF6AD00EFAC83 /* Debug */,
				8315F413207CF6AD00EFAC83 /* Release */,
			);
			defaultConfigurationIsVisible = 0;
			defaultConfigurationName = Release;
		};
		8318BB171FD914D000DDACED /* Build configuration list for PBXProject "TravelingCat" */ = {
			isa = XCConfigurationList;
			buildConfigurations = (
				8318BB2F1FD914D000DDACED /* Debug */,
				8318BB301FD914D000DDACED /* Release */,
			);
			defaultConfigurationIsVisible = 0;
			defaultConfigurationName = Release;
		};
		8318BB311FD914D000DDACED /* Build configuration list for PBXNativeTarget "TravelingCat" */ = {
			isa = XCConfigurationList;
			buildConfigurations = (
				8318BB321FD914D000DDACED /* Debug */,
				8318BB331FD914D000DDACED /* Release */,
			);
			defaultConfigurationIsVisible = 0;
			defaultConfigurationName = Release;
		};
/* End XCConfigurationList section */

/* Begin XCVersionGroup section */
		8318BB261FD914D000DDACED /* TravelingCat.xcdatamodeld */ = {
			isa = XCVersionGroup;
			children = (
				8318BB271FD914D000DDACED /* TravelingCat.xcdatamodel */,
			);
			currentVersion = 8318BB271FD914D000DDACED /* TravelingCat.xcdatamodel */;
			path = TravelingCat.xcdatamodeld;
			sourceTree = "<group>";
			versionGroupType = wrapper.xcdatamodel;
		};
/* End XCVersionGroup section */
	};
	rootObject = 8318BB141FD914D000DDACED /* Project object */;
}
